
Microsoft Visual Studio Solution File, Format Version 12.00
# Visual Studio 15
VisualStudioVersion = 15.0.27004.2002
MinimumVisualStudioVersion = 10.0.40219.1
Project("{9A19103F-16F7-4668-BE54-9A1E7A4F7556}") = "NabavkeSolutionCore", "NabavkeSolutionCore\NabavkeSolutionCore.csproj", "{4598F761-EE74-40A6-935B-7C7C39CCBA9B}"
EndProject
Project("{9A19103F-16F7-4668-BE54-9A1E7A4F7556}") = "NabavkeSolutionCore.Data", "NabavkeSolutionCore.Data\NabavkeSolutionCore.Data.csproj", "{DA04754F-9C7F-478B-9025-C08E2402AB6B}"
EndProject
Project("{FAE04EC0-301F-11D3-BF4B-00C04F79EFBC}") = "CirToLat_NetStandard2", "..\..\Programing_CSharp\CirToLat_NetStandard2\CirToLat_NetStandard2\CirToLat_NetStandard2.csproj", "{45D0B301-D5C6-4AFD-916B-ACBA94F7D961}"
EndProject
Global
	GlobalSection(SolutionConfigurationPlatforms) = preSolution
		Debug|Any CPU = Debug|Any CPU
		Release|Any CPU = Release|Any CPU
	EndGlobalSection
	GlobalSection(ProjectConfigurationPlatforms) = postSolution
		{4598F761-EE74-40A6-935B-7C7C39CCBA9B}.Debug|Any CPU.ActiveCfg = Debug|Any CPU
		{4598F761-EE74-40A6-935B-7C7C39CCBA9B}.Debug|Any CPU.Build.0 = Debug|Any CPU
		{4598F761-EE74-40A6-935B-7C7C39CCBA9B}.Release|Any CPU.ActiveCfg = Release|Any CPU
		{4598F761-EE74-40A6-935B-7C7C39CCBA9B}.Release|Any CPU.Build.0 = Release|Any CPU
		{DA04754F-9C7F-478B-9025-C08E2402AB6B}.Debug|Any CPU.ActiveCfg = Debug|Any CPU
		{DA04754F-9C7F-478B-9025-C08E2402AB6B}.Debug|Any CPU.Build.0 = Debug|Any CPU
		{DA04754F-9C7F-478B-9025-C08E2402AB6B}.Release|Any CPU.ActiveCfg = Release|Any CPU
		{DA04754F-9C7F-478B-9025-C08E2402AB6B}.Release|Any CPU.Build.0 = Release|Any CPU
		{45D0B301-D5C6-4AFD-916B-ACBA94F7D961}.Debug|Any CPU.ActiveCfg = Debug|Any CPU
		{45D0B301-D5C6-4AFD-916B-ACBA94F7D961}.Debug|Any CPU.Build.0 = Debug|Any CPU
		{45D0B301-D5C6-4AFD-916B-ACBA94F7D961}.Release|Any CPU.ActiveCfg = Release|Any CPU
		{45D0B301-D5C6-4AFD-916B-ACBA94F7D961}.Release|Any CPU.Build.0 = Release|Any CPU
	EndGlobalSection
	GlobalSection(SolutionProperties) = preSolution
		HideSolutionNode = FALSE
	EndGlobalSection
	GlobalSection(ExtensibilityGlobals) = postSolution
		SolutionGuid = {4DF2F3D6-2884-4A56-AA55-B6E65BB69637}
	EndGlobalSection
EndGlobal
